<?xml version="1.0" encoding="utf-8"?>
<Project ToolsVersion="4.0" xmlns="http://schemas.microsoft.com/developer/msbuild/2003">
  <ItemGroup>
    <Filter Include="Public">
      <UniqueIdentifier>{bceb18c0-7245-4b7b-834d-934aacbee0a9}</UniqueIdentifier>
    </Filter>
    <Filter Include="Private">
      <UniqueIdentifier>{1329a691-70de-4754-b3d9-1a5536093e55}</UniqueIdentifier>
    </Filter>
  </ItemGroup>
  <ItemGroup>
    <ClInclude Include="..\..\Potato\Public\PotatoDLr.h">
      <Filter>Public</Filter>
    </ClInclude>
    <ClInclude Include="..\..\Potato\Public\PotatoEbnf.h">
      <Filter>Public</Filter>
    </ClInclude>
    <ClInclude Include="..\..\Potato\Public\PotatoInterval.h">
      <Filter>Public</Filter>
    </ClInclude>
    <ClInclude Include="..\..\Potato\Public\PotatoIntrusivePointer.h">
      <Filter>Public</Filter>
    </ClInclude>
    <ClInclude Include="..\..\Potato\Public\PotatoIR.h">
      <Filter>Public</Filter>
    </ClInclude>
    <ClInclude Include="..\..\Potato\Public\PotatoMisc.h">
      <Filter>Public</Filter>
    </ClInclude>
    <ClInclude Include="..\..\Potato\Public\PotatoPath.h">
      <Filter>Public</Filter>
    </ClInclude>
    <ClInclude Include="..\..\Potato\Public\PotatoReg.h">
      <Filter>Public</Filter>
    </ClInclude>
    <ClInclude Include="..\..\Potato\Public\PotatoStrEncode.h">
      <Filter>Public</Filter>
    </ClInclude>
    <ClInclude Include="..\..\Potato\Public\PotatoStrFormat.h">
      <Filter>Public</Filter>
    </ClInclude>
    <ClInclude Include="..\..\Potato\Public\PotatoTMP.h">
      <Filter>Public</Filter>
    </ClInclude>
  </ItemGroup>
  <ItemGroup>
    <ClCompile Include="..\..\Potato\Private\PotatoDLr.cpp">
      <Filter>Private</Filter>
    </ClCompile>
    <ClCompile Include="..\..\Potato\Private\PotatoEbnf.cpp">
      <Filter>Private</Filter>
    </ClCompile>
    <ClCompile Include="..\..\Potato\Private\PotatoIR.cpp">
      <Filter>Private</Filter>
    </ClCompile>
    <ClCompile Include="..\..\Potato\Private\PotatoMisc.cpp">
      <Filter>Private</Filter>
    </ClCompile>
    <ClCompile Include="..\..\Potato\Private\PotatoPath.cpp">
      <Filter>Private</Filter>
    </ClCompile>
    <ClCompile Include="..\..\Potato\Private\PotatoReg.cpp">
      <Filter>Private</Filter>
    </ClCompile>
    <ClCompile Include="..\..\Potato\Private\PotatoStrEncode.cpp">
      <Filter>Private</Filter>
    </ClCompile>
    <ClCompile Include="..\..\Potato\Private\PotatoStrFormat.cpp">
      <Filter>Private</Filter>
    </ClCompile>
  </ItemGroup>
</Project>