<?xml version="1.0" encoding="utf-8"?>
<Project ToolsVersion="4.0" xmlns="http://schemas.microsoft.com/developer/msbuild/2003">
  <ItemGroup>
    <Filter Include="Resource Files">
      <UniqueIdentifier>{67DA6AB6-F800-4c08-8B7A-83BB121AAD01}</UniqueIdentifier>
      <Extensions>rc;ico;cur;bmp;dlg;rc2;rct;bin;rgs;gif;jpg;jpeg;jpe;resx;tiff;tif;png;wav;mfcribbon-ms</Extensions>
    </Filter>
    <Filter Include="Public">
      <UniqueIdentifier>{0fa6e20c-4633-4ed4-821c-378b953f5354}</UniqueIdentifier>
    </Filter>
    <Filter Include="Private">
      <UniqueIdentifier>{80c27a7d-cb23-4edb-9177-ec76baee081f}</UniqueIdentifier>
    </Filter>
  </ItemGroup>
  <ItemGroup>
    <ClInclude Include="..\..\Public\PotatoSLRX.h">
      <Filter>Public</Filter>
    </ClInclude>
    <ClInclude Include="..\..\Public\PotatoMisc.h">
      <Filter>Public</Filter>
    </ClInclude>
    <ClInclude Include="..\..\Public\PotatoInterval.h">
      <Filter>Public</Filter>
    </ClInclude>
    <ClInclude Include="..\..\Public\PotatoTMP.h">
      <Filter>Public</Filter>
    </ClInclude>
    <ClInclude Include="..\..\Public\PotatoReg.h">
      <Filter>Public</Filter>
    </ClInclude>
    <ClInclude Include="..\..\Public\PotatoStrEncode.h">
      <Filter>Public</Filter>
    </ClInclude>
    <ClInclude Include="..\..\Public\PotatoEbnf.h">
      <Filter>Public</Filter>
    </ClInclude>
    <ClInclude Include="..\..\Public\PotatoIntrusivePointer.h">
      <Filter>Public</Filter>
    </ClInclude>
    <ClInclude Include="..\..\Public\PotatoIR.h">
      <Filter>Public</Filter>
    </ClInclude>
    <ClInclude Include="..\..\Public\PotatoStrFormat.h">
      <Filter>Public</Filter>
    </ClInclude>
    <ClInclude Include="..\..\Public\PotatoDocument.h">
      <Filter>Public</Filter>
    </ClInclude>
    <ClInclude Include="..\..\Public\PotatoVirtualPath.h">
      <Filter>Public</Filter>
    </ClInclude>
  </ItemGroup>
  <ItemGroup>
    <ClCompile Include="..\..\Private\PotatoMisc.cpp">
      <Filter>Private</Filter>
    </ClCompile>
    <ClCompile Include="..\..\Private\PotatoIR.cpp">
      <Filter>Private</Filter>
    </ClCompile>
    <ClCompile Include="..\..\Private\PotatoSLRX.cpp">
      <Filter>Private</Filter>
    </ClCompile>
    <ClCompile Include="..\..\Private\PotatoReg.cpp">
      <Filter>Private</Filter>
    </ClCompile>
    <ClCompile Include="..\..\Private\PotatoEbnf.cpp">
      <Filter>Private</Filter>
    </ClCompile>
    <ClCompile Include="..\..\Private\PotatoDocument.cpp">
      <Filter>Private</Filter>
    </ClCompile>
    <ClCompile Include="..\..\Private\PotatoStrEncode.cpp">
      <Filter>Private</Filter>
    </ClCompile>
    <ClCompile Include="..\..\Private\PotatoStrFormat.cpp">
      <Filter>Private</Filter>
    </ClCompile>
    <ClCompile Include="..\..\Private\PotatoVirtualPath.cpp">
      <Filter>Private</Filter>
    </ClCompile>
  </ItemGroup>
</Project>